
Microsoft Visual Studio Solution File, Format Version 12.00
# Visual Studio Version 17
VisualStudioVersion = 17.4.33205.214
MinimumVisualStudioVersion = 10.0.40219.1
Project("{FAE04EC0-301F-11D3-BF4B-00C04F79EFBC}") = "geoarrow", "geoarrow\geoarrow.csproj", "{5683ED00-03A7-4EDB-A260-93F823B53D2D}"
EndProject
Global
	GlobalSection(SolutionConfigurationPlatforms) = preSolution
		Debug|Any CPU = Debug|Any CPU
		Release|Any CPU = Release|Any CPU
	EndGlobalSection
	GlobalSection(ProjectConfigurationPlatforms) = postSolution
		{5683ED00-03A7-4EDB-A260-93F823B53D2D}.Debug|Any CPU.ActiveCfg = Debug|Any CPU
		{5683ED00-03A7-4EDB-A260-93F823B53D2D}.Debug|Any CPU.Build.0 = Debug|Any CPU
		{5683ED00-03A7-4EDB-A260-93F823B53D2D}.Release|Any CPU.ActiveCfg = Release|Any CPU
		{5683ED00-03A7-4EDB-A260-93F823B53D2D}.Release|Any CPU.Build.0 = Release|Any CPU
	EndGlobalSection
	GlobalSection(SolutionProperties) = preSolution
		HideSolutionNode = FALSE
	EndGlobalSection
	GlobalSection(ExtensibilityGlobals) = postSolution
		SolutionGuid = {E9DBDBEB-771B-44B0-80C6-92705A48DA6A}
	EndGlobalSection
EndGlobal
